
Microsoft Visual Studio Solution File, Format Version 12.00
# Visual Studio Version 17
VisualStudioVersion = 17.9.34701.34
MinimumVisualStudioVersion = 10.0.40219.1
Project("{FAE04EC0-301F-11D3-BF4B-00C04F79EFBC}") = "FormAd", "FormAd\FormAd.csproj", "{6F78A242-AA49-4EC4-95EF-F5136368D459}"
EndProject
Project("{FAE04EC0-301F-11D3-BF4B-00C04F79EFBC}") = "FormEnt", "FormEnt\FormEnt.csproj", "{FEBF9C82-2119-40BF-84EA-3AB253A2CF49}"
EndProject
Global
	GlobalSection(SolutionConfigurationPlatforms) = preSolution
		Debug|Any CPU = Debug|Any CPU
		Release|Any CPU = Release|Any CPU
	EndGlobalSection
	GlobalSection(ProjectConfigurationPlatforms) = postSolution
		{6F78A242-AA49-4EC4-95EF-F5136368D459}.Debug|Any CPU.ActiveCfg = Debug|Any CPU
		{6F78A242-AA49-4EC4-95EF-F5136368D459}.Debug|Any CPU.Build.0 = Debug|Any CPU
		{6F78A242-AA49-4EC4-95EF-F5136368D459}.Release|Any CPU.ActiveCfg = Release|Any CPU
		{6F78A242-AA49-4EC4-95EF-F5136368D459}.Release|Any CPU.Build.0 = Release|Any CPU
		{FEBF9C82-2119-40BF-84EA-3AB253A2CF49}.Debug|Any CPU.ActiveCfg = Debug|Any CPU
		{FEBF9C82-2119-40BF-84EA-3AB253A2CF49}.Debug|Any CPU.Build.0 = Debug|Any CPU
		{FEBF9C82-2119-40BF-84EA-3AB253A2CF49}.Release|Any CPU.ActiveCfg = Release|Any CPU
		{FEBF9C82-2119-40BF-84EA-3AB253A2CF49}.Release|Any CPU.Build.0 = Release|Any CPU
	EndGlobalSection
	GlobalSection(SolutionProperties) = preSolution
		HideSolutionNode = FALSE
	EndGlobalSection
	GlobalSection(ExtensibilityGlobals) = postSolution
		SolutionGuid = {2CF6021C-5C8D-4CB4-8588-DEFD6A2D3007}
	EndGlobalSection
EndGlobal
