
Microsoft Visual Studio Solution File, Format Version 12.00
# Visual Studio Version 17
VisualStudioVersion = 17.9.34701.34
MinimumVisualStudioVersion = 10.0.40219.1
Project("{9A19103F-16F7-4668-BE54-9A1E7A4F7556}") = "FORMS", "FORMS\FORMS.csproj", "{FDD70E89-764F-403B-97BC-87BC0EF0E4CC}"
EndProject
Project("{FAE04EC0-301F-11D3-BF4B-00C04F79EFBC}") = "Main", "Main\Main.csproj", "{31B1208A-0A82-40E5-B75A-5B3E05B88639}"
EndProject
Global
	GlobalSection(SolutionConfigurationPlatforms) = preSolution
		Debug|Any CPU = Debug|Any CPU
		Release|Any CPU = Release|Any CPU
	EndGlobalSection
	GlobalSection(ProjectConfigurationPlatforms) = postSolution
		{FDD70E89-764F-403B-97BC-87BC0EF0E4CC}.Debug|Any CPU.ActiveCfg = Debug|Any CPU
		{FDD70E89-764F-403B-97BC-87BC0EF0E4CC}.Debug|Any CPU.Build.0 = Debug|Any CPU
		{FDD70E89-764F-403B-97BC-87BC0EF0E4CC}.Release|Any CPU.ActiveCfg = Release|Any CPU
		{FDD70E89-764F-403B-97BC-87BC0EF0E4CC}.Release|Any CPU.Build.0 = Release|Any CPU
		{31B1208A-0A82-40E5-B75A-5B3E05B88639}.Debug|Any CPU.ActiveCfg = Debug|Any CPU
		{31B1208A-0A82-40E5-B75A-5B3E05B88639}.Debug|Any CPU.Build.0 = Debug|Any CPU
		{31B1208A-0A82-40E5-B75A-5B3E05B88639}.Release|Any CPU.ActiveCfg = Release|Any CPU
		{31B1208A-0A82-40E5-B75A-5B3E05B88639}.Release|Any CPU.Build.0 = Release|Any CPU
	EndGlobalSection
	GlobalSection(SolutionProperties) = preSolution
		HideSolutionNode = FALSE
	EndGlobalSection
	GlobalSection(ExtensibilityGlobals) = postSolution
		SolutionGuid = {2CF6021C-5C8D-4CB4-8588-DEFD6A2D3007}
	EndGlobalSection
EndGlobal
